// !$*UTF8*$!
{
	archiveVersion = 1;
	classes = {
	};
	objectVersion = 50;
	objects = {

/* Begin PBXBuildFile section */
		DC05F6C226CBF25E00BA087B /* Product.swift in Sources */ = {isa = PBXBuildFile; fileRef = DC05F6C126CBF25E00BA087B /* Product.swift */; };
		DC8CEDC426CA9DCB007F77F3 /* AppDelegate.swift in Sources */ = {isa = PBXBuildFile; fileRef = DC8CEDC326CA9DCB007F77F3 /* AppDelegate.swift */; };
		DC8CEDC626CA9DCB007F77F3 /* SceneDelegate.swift in Sources */ = {isa = PBXBuildFile; fileRef = DC8CEDC526CA9DCB007F77F3 /* SceneDelegate.swift */; };
		DC8CEDC826CA9DCB007F77F3 /* ViewController.swift in Sources */ = {isa = PBXBuildFile; fileRef = DC8CEDC726CA9DCB007F77F3 /* ViewController.swift */; };
		DC8CEDCB26CA9DCB007F77F3 /* Main.storyboard in Resources */ = {isa = PBXBuildFile; fileRef = DC8CEDC926CA9DCB007F77F3 /* Main.storyboard */; };
		DC8CEDCD26CA9DCC007F77F3 /* Assets.xcassets in Resources */ = {isa = PBXBuildFile; fileRef = DC8CEDCC26CA9DCC007F77F3 /* Assets.xcassets */; };
		DC8CEDD026CA9DCC007F77F3 /* LaunchScreen.storyboard in Resources */ = {isa = PBXBuildFile; fileRef = DC8CEDCE26CA9DCC007F77F3 /* LaunchScreen.storyboard */; };
		DC8CEDE026CAB086007F77F3 /* TableViewController.swift in Sources */ = {isa = PBXBuildFile; fileRef = DC8CEDDF26CAB086007F77F3 /* TableViewController.swift */; };
		DC9D8AC526CAE194006CB1E5 /* CreateViewController.swift in Sources */ = {isa = PBXBuildFile; fileRef = DC9D8AC426CAE194006CB1E5 /* CreateViewController.swift */; };
/* End PBXBuildFile section */

/* Begin PBXFileReference section */
		DC05F6C126CBF25E00BA087B /* Product.swift */ = {isa = PBXFileReference; lastKnownFileType = sourcecode.swift; path = Product.swift; sourceTree = "<group>"; };
		DC8CEDC026CA9DCB007F77F3 /* AppProva.app */ = {isa = PBXFileReference; explicitFileType = wrapper.application; includeInIndex = 0; path = AppProva.app; sourceTree = BUILT_PRODUCTS_DIR; };
		DC8CEDC326CA9DCB007F77F3 /* AppDelegate.swift */ = {isa = PBXFileReference; lastKnownFileType = sourcecode.swift; path = AppDelegate.swift; sourceTree = "<group>"; };
		DC8CEDC526CA9DCB007F77F3 /* SceneDelegate.swift */ = {isa = PBXFileReference; lastKnownFileType = sourcecode.swift; path = SceneDelegate.swift; sourceTree = "<group>"; };
		DC8CEDC726CA9DCB007F77F3 /* ViewController.swift */ = {isa = PBXFileReference; lastKnownFileType = sourcecode.swift; path = ViewController.swift; sourceTree = "<group>"; };
		DC8CEDCA26CA9DCB007F77F3 /* Base */ = {isa = PBXFileReference; lastKnownFileType = file.storyboard; name = Base; path = Base.lproj/Main.storyboard; sourceTree = "<group>"; };
		DC8CEDCC26CA9DCC007F77F3 /* Assets.xcassets */ = {isa = PBXFileReference; lastKnownFileType = folder.assetcatalog; path = Assets.xcassets; sourceTree = "<group>"; };
		DC8CEDCF26CA9DCC007F77F3 /* Base */ = {isa = PBXFileReference; lastKnownFileType = file.storyboard; name = Base; path = Base.lproj/LaunchScreen.storyboard; sourceTree = "<group>"; };
		DC8CEDD126CA9DCC007F77F3 /* Info.plist */ = {isa = PBXFileReference; lastKnownFileType = text.plist.xml; path = Info.plist; sourceTree = "<group>"; };
		DC8CEDDF26CAB086007F77F3 /* TableViewController.swift */ = {isa = PBXFileReference; lastKnownFileType = sourcecode.swift; path = TableViewController.swift; sourceTree = "<group>"; };
		DC9D8AC426CAE194006CB1E5 /* CreateViewController.swift */ = {isa = PBXFileReference; lastKnownFileType = sourcecode.swift; path = CreateViewController.swift; sourceTree = "<group>"; };
/* End PBXFileReference section */

/* Begin PBXFrameworksBuildPhase section */
		DC8CEDBD26CA9DCB007F77F3 /* Frameworks */ = {
			isa = PBXFrameworksBuildPhase;
			buildActionMask = 2147483647;
			files = (
			);
			runOnlyForDeploymentPostprocessing = 0;
		};
/* End PBXFrameworksBuildPhase section */

/* Begin PBXGroup section */
		DC8CEDB726CA9DCB007F77F3 = {
			isa = PBXGroup;
			children = (
				DC8CEDC226CA9DCB007F77F3 /* AppProva */,
				DC8CEDC126CA9DCB007F77F3 /* Products */,
			);
			sourceTree = "<group>";
		};
		DC8CEDC126CA9DCB007F77F3 /* Products */ = {
			isa = PBXGroup;
			children = (
				DC8CEDC026CA9DCB007F77F3 /* AppProva.app */,
			);
			name = Products;
			sourceTree = "<group>";
		};
		DC8CEDC226CA9DCB007F77F3 /* AppProva */ = {
			isa = PBXGroup;
			children = (
				DC8CEDDA26CAADF8007F77F3 /* Model */,
				DC8CEDD926CAADEE007F77F3 /* View */,
				DC8CEDD826CAADD3007F77F3 /* Controller */,
				DC8CEDC326CA9DCB007F77F3 /* AppDelegate.swift */,
				DC8CEDC526CA9DCB007F77F3 /* SceneDelegate.swift */,
				DC8CEDCC26CA9DCC007F77F3 /* Assets.xcassets */,
				DC8CEDCE26CA9DCC007F77F3 /* LaunchScreen.storyboard */,
				DC8CEDD126CA9DCC007F77F3 /* Info.plist */,
			);
			path = AppProva;
			sourceTree = "<group>";
		};
		DC8CEDD826CAADD3007F77F3 /* Controller */ = {
			isa = PBXGroup;
			children = (
				DC8CEDC726CA9DCB007F77F3 /* ViewController.swift */,
				DC8CEDDF26CAB086007F77F3 /* TableViewController.swift */,
				DC9D8AC426CAE194006CB1E5 /* CreateViewController.swift */,
			);
			path = Controller;
			sourceTree = "<group>";
		};
		DC8CEDD926CAADEE007F77F3 /* View */ = {
			isa = PBXGroup;
			children = (
				DC8CEDC926CA9DCB007F77F3 /* Main.storyboard */,
			);
			path = View;
			sourceTree = "<group>";
		};
		DC8CEDDA26CAADF8007F77F3 /* Model */ = {
			isa = PBXGroup;
			children = (
				DC05F6C126CBF25E00BA087B /* Product.swift */,
			);
			path = Model;
			sourceTree = "<group>";
		};
/* End PBXGroup section */

/* Begin PBXNativeTarget section */
		DC8CEDBF26CA9DCB007F77F3 /* AppProva */ = {
			isa = PBXNativeTarget;
			buildConfigurationList = DC8CEDD426CA9DCC007F77F3 /* Build configuration list for PBXNativeTarget "AppProva" */;
			buildPhases = (
				DC8CEDBC26CA9DCB007F77F3 /* Sources */,
				DC8CEDBD26CA9DCB007F77F3 /* Frameworks */,
				DC8CEDBE26CA9DCB007F77F3 /* Resources */,
			);
			buildRules = (
			);
			dependencies = (
			);
			name = AppProva;
			productName = AppProva;
			productReference = DC8CEDC026CA9DCB007F77F3 /* AppProva.app */;
			productType = "com.apple.product-type.application";
		};
/* End PBXNativeTarget section */

/* Begin PBXProject section */
		DC8CEDB826CA9DCB007F77F3 /* Project object */ = {
			isa = PBXProject;
			attributes = {
				LastSwiftUpdateCheck = 1200;
				LastUpgradeCheck = 1200;
				TargetAttributes = {
					DC8CEDBF26CA9DCB007F77F3 = {
						CreatedOnToolsVersion = 12.0.1;
					};
				};
			};
			buildConfigurationList = DC8CEDBB26CA9DCB007F77F3 /* Build configuration list for PBXProject "AppProva" */;
			compatibilityVersion = "Xcode 9.3";
			developmentRegion = en;
			hasScannedForEncodings = 0;
			knownRegions = (
				en,
				Base,
			);
			mainGroup = DC8CEDB726CA9DCB007F77F3;
			productRefGroup = DC8CEDC126CA9DCB007F77F3 /* Products */;
			projectDirPath = "";
			projectRoot = "";
			targets = (
				DC8CEDBF26CA9DCB007F77F3 /* AppProva */,
			);
		};
/* End PBXProject section */

/* Begin PBXResourcesBuildPhase section */
		DC8CEDBE26CA9DCB007F77F3 /* Resources */ = {
			isa = PBXResourcesBuildPhase;
			buildActionMask = 2147483647;
			files = (
				DC8CEDD026CA9DCC007F77F3 /* LaunchScreen.storyboard in Resources */,
				DC8CEDCD26CA9DCC007F77F3 /* Assets.xcassets in Resources */,
				DC8CEDCB26CA9DCB007F77F3 /* Main.storyboard in Resources */,
			);
			runOnlyForDeploymentPostprocessing = 0;
		};
/* End PBXResourcesBuildPhase section */

/* Begin PBXSourcesBuildPhase section */
		DC8CEDBC26CA9DCB007F77F3 /* Sources */ = {
			isa = PBXSourcesBuildPhase;
			buildActionMask = 2147483647;
			files = (
				DC9D8AC526CAE194006CB1E5 /* CreateViewController.swift in Sources */,
				DC8CEDC826CA9DCB007F77F3 /* ViewController.swift in Sources */,
				DC8CEDC426CA9DCB007F77F3 /* AppDelegate.swift in Sources */,
				DC8CEDC626CA9DCB007F77F3 /* SceneDelegate.swift in Sources */,
				DC8CEDE026CAB086007F77F3 /* TableViewController.swift in Sources */,
				DC05F6C226CBF25E00BA087B /* Product.swift in Sources */,
			);
			runOnlyForDeploymentPostprocessing = 0;
		};
/* End PBXSourcesBuildPhase section */

/* Begin PBXVariantGroup section */
		DC8CEDC926CA9DCB007F77F3 /* Main.storyboard */ = {
			isa = PBXVariantGroup;
			children = (
				DC8CEDCA26CA9DCB007F77F3 /* Base */,
			);
			name = Main.storyboard;
			sourceTree = "<group>";
		};
		DC8CEDCE26CA9DCC007F77F3 /* LaunchScreen.storyboard */ = {
			isa = PBXVariantGroup;
			children = (
				DC8CEDCF26CA9DCC007F77F3 /* Base */,
			);
			name = LaunchScreen.storyboard;
			sourceTree = "<group>";
		};
/* End PBXVariantGroup section */

/* Begin XCBuildConfiguration section */
		DC8CEDD226CA9DCC007F77F3 /* Debug */ = {
			isa = XCBuildConfiguration;
			buildSettings = {
				ALWAYS_SEARCH_USER_PATHS = NO;
				CLANG_ANALYZER_NONNULL = YES;
				CLANG_ANALYZER_NUMBER_OBJECT_CONVERSION = YES_AGGRESSIVE;
				CLANG_CXX_LANGUAGE_STANDARD = "gnu++14";
				CLANG_CXX_LIBRARY = "libc++";
				CLANG_ENABLE_MODULES = YES;
				CLANG_ENABLE_OBJC_ARC = YES;
				CLANG_ENABLE_OBJC_WEAK = YES;
				CLANG_WARN_BLOCK_CAPTURE_AUTORELEASING = YES;
				CLANG_WARN_BOOL_CONVERSION = YES;
				CLANG_WARN_COMMA = YES;
				CLANG_WARN_CONSTANT_CONVERSION = YES;
				CLANG_WARN_DEPRECATED_OBJC_IMPLEMENTATIONS = YES;
				CLANG_WARN_DIRECT_OBJC_ISA_USAGE = YES_ERROR;
				CLANG_WARN_DOCUMENTATION_COMMENTS = YES;
				CLANG_WARN_EMPTY_BODY = YES;
				CLANG_WARN_ENUM_CONVERSION = YES;
				CLANG_WARN_INFINITE_RECURSION = YES;
				CLANG_WARN_INT_CONVERSION = YES;
				CLANG_WARN_NON_LITERAL_NULL_CONVERSION = YES;
				CLANG_WARN_OBJC_IMPLICIT_RETAIN_SELF = YES;
				CLANG_WARN_OBJC_LITERAL_CONVERSION = YES;
				CLANG_WARN_OBJC_ROOT_CLASS = YES_ERROR;
				CLANG_WARN_QUOTED_INCLUDE_IN_FRAMEWORK_HEADER = YES;
				CLANG_WARN_RANGE_LOOP_ANALYSIS = YES;
				CLANG_WARN_STRICT_PROTOTYPES = YES;
				CLANG_WARN_SUSPICIOUS_MOVE = YES;
				CLANG_WARN_UNGUARDED_AVAILABILITY = YES_AGGRESSIVE;
				CLANG_WARN_UNREACHABLE_CODE = YES;
				CLANG_WARN__DUPLICATE_METHOD_MATCH = YES;
				COPY_PHASE_STRIP = NO;
				DEBUG_INFORMATION_FORMAT = dwarf;
				ENABLE_STRICT_OBJC_MSGSEND = YES;
				ENABLE_TESTABILITY = YES;
				GCC_C_LANGUAGE_STANDARD = gnu11;
				GCC_DYNAMIC_NO_PIC = NO;
				GCC_NO_COMMON_BLOCKS = YES;
				GCC_OPTIMIZATION_LEVEL = 0;
				GCC_PREPROCESSOR_DEFINITIONS = (
					"DEBUG=1",
					"$(inherited)",
				);
				GCC_WARN_64_TO_32_BIT_CONVERSION = YES;
				GCC_WARN_ABOUT_RETURN_TYPE = YES_ERROR;
				GCC_WARN_UNDECLARED_SELECTOR = YES;
				GCC_WARN_UNINITIALIZED_AUTOS = YES_AGGRESSIVE;
				GCC_WARN_UNUSED_FUNCTION = YES;
				GCC_WARN_UNUSED_VARIABLE = YES;
				IPHONEOS_DEPLOYMENT_TARGET = 14.0;
				MTL_ENABLE_DEBUG_INFO = INCLUDE_SOURCE;
				MTL_FAST_MATH = YES;
				ONLY_ACTIVE_ARCH = YES;
				SDKROOT = iphoneos;
				SWIFT_ACTIVE_COMPILATION_CONDITIONS = DEBUG;
				SWIFT_OPTIMIZATION_LEVEL = "-Onone";
			};
			name = Debug;
		};
		DC8CEDD326CA9DCC007F77F3 /* Release */ = {
			isa = XCBuildConfiguration;
			buildSettings = {
				ALWAYS_SEARCH_USER_PATHS = NO;
				CLANG_ANALYZER_NONNULL = YES;
				CLANG_ANALYZER_NUMBER_OBJECT_CONVERSION = YES_AGGRESSIVE;
				CLANG_CXX_LANGUAGE_STANDARD = "gnu++14";
				CLANG_CXX_LIBRARY = "libc++";
				CLANG_ENABLE_MODULES = YES;
				CLANG_ENABLE_OBJC_ARC = YES;
				CLANG_ENABLE_OBJC_WEAK = YES;
				CLANG_WARN_BLOCK_CAPTURE_AUTORELEASING = YES;
				CLANG_WARN_BOOL_CONVERSION = YES;
				CLANG_WARN_COMMA = YES;
				CLANG_WARN_CONSTANT_CONVERSION = YES;
				CLANG_WARN_DEPRECATED_OBJC_IMPLEMENTATIONS = YES;
				CLANG_WARN_DIRECT_OBJC_ISA_USAGE = YES_ERROR;
				CLANG_WARN_DOCUMENTATION_COMMENTS = YES;
				CLANG_WARN_EMPTY_BODY = YES;
				CLANG_WARN_ENUM_CONVERSION = YES;
				CLANG_WARN_INFINITE_RECURSION = YES;
				CLANG_WARN_INT_CONVERSION = YES;
				CLANG_WARN_NON_LITERAL_NULL_CONVERSION = YES;
				CLANG_WARN_OBJC_IMPLICIT_RETAIN_SELF = YES;
				CLANG_WARN_OBJC_LITERAL_CONVERSION = YES;
				CLANG_WARN_OBJC_ROOT_CLASS = YES_ERROR;
				CLANG_WARN_QUOTED_INCLUDE_IN_FRAMEWORK_HEADER = YES;
				CLANG_WARN_RANGE_LOOP_ANALYSIS = YES;
				CLANG_WARN_STRICT_PROTOTYPES = YES;
				CLANG_WARN_SUSPICIOUS_MOVE = YES;
				CLANG_WARN_UNGUARDED_AVAILABILITY = YES_AGGRESSIVE;
				CLANG_WARN_UNREACHABLE_CODE = YES;
				CLANG_WARN__DUPLICATE_METHOD_MATCH = YES;
				COPY_PHASE_STRIP = NO;
				DEBUG_INFORMATION_FORMAT = "dwarf-with-dsym";
				ENABLE_NS_ASSERTIONS = NO;
				ENABLE_STRICT_OBJC_MSGSEND = YES;
				GCC_C_LANGUAGE_STANDARD = gnu11;
				GCC_NO_COMMON_BLOCKS = YES;
				GCC_WARN_64_TO_32_BIT_CONVERSION = YES;
				GCC_WARN_ABOUT_RETURN_TYPE = YES_ERROR;
				GCC_WARN_UNDECLARED_SELECTOR = YES;
				GCC_WARN_UNINITIALIZED_AUTOS = YES_AGGRESSIVE;
				GCC_WARN_UNUSED_FUNCTION = YES;
				GCC_WARN_UNUSED_VARIABLE = YES;
				IPHONEOS_DEPLOYMENT_TARGET = 14.0;
				MTL_ENABLE_DEBUG_INFO = NO;
				MTL_FAST_MATH = YES;
				SDKROOT = iphoneos;
				SWIFT_COMPILATION_MODE = wholemodule;
				SWIFT_OPTIMIZATION_LEVEL = "-O";
				VALIDATE_PRODUCT = YES;
			};
			name = Release;
		};
		DC8CEDD526CA9DCC007F77F3 /* Debug */ = {
			isa = XCBuildConfiguration;
			buildSettings = {
				ASSETCATALOG_COMPILER_APPICON_NAME = AppIcon;
				ASSETCATALOG_COMPILER_GLOBAL_ACCENT_COLOR_NAME = AccentColor;
				CODE_SIGN_STYLE = Automatic;
				INFOPLIST_FILE = AppProva/Info.plist;
				LD_RUNPATH_SEARCH_PATHS = (
					"$(inherited)",
					"@executable_path/Frameworks",
				);
				PRODUCT_BUNDLE_IDENTIFIER = com.cotemig.AppProva;
				PRODUCT_NAME = "$(TARGET_NAME)";
				SWIFT_VERSION = 5.0;
				TARGETED_DEVICE_FAMILY = "1,2";
			};
			name = Debug;
		};
		DC8CEDD626CA9DCC007F77F3 /* Release */ = {
			isa = XCBuildConfiguration;
			buildSettings = {
				ASSETCATALOG_COMPILER_APPICON_NAME = AppIcon;
				ASSETCATALOG_COMPILER_GLOBAL_ACCENT_COLOR_NAME = AccentColor;
				CODE_SIGN_STYLE = Automatic;
				INFOPLIST_FILE = AppProva/Info.plist;
				LD_RUNPATH_SEARCH_PATHS = (
					"$(inherited)",
					"@executable_path/Frameworks",
				);
				PRODUCT_BUNDLE_IDENTIFIER = com.cotemig.AppProva;
				PRODUCT_NAME = "$(TARGET_NAME)";
				SWIFT_VERSION = 5.0;
				TARGETED_DEVICE_FAMILY = "1,2";
			};
			name = Release;
		};
/* End XCBuildConfiguration section */

/* Begin XCConfigurationList section */
		DC8CEDBB26CA9DCB007F77F3 /* Build configuration list for PBXProject "AppProva" */ = {
			isa = XCConfigurationList;
			buildConfigurations = (
				DC8CEDD226CA9DCC007F77F3 /* Debug */,
				DC8CEDD326CA9DCC007F77F3 /* Release */,
			);
			defaultConfigurationIsVisible = 0;
			defaultConfigurationName = Release;
		};
		DC8CEDD426CA9DCC007F77F3 /* Build configuration list for PBXNativeTarget "AppProva" */ = {
			isa = XCConfigurationList;
			buildConfigurations = (
				DC8CEDD526CA9DCC007F77F3 /* Debug */,
				DC8CEDD626CA9DCC007F77F3 /* Release */,
			);
			defaultConfigurationIsVisible = 0;
			defaultConfigurationName = Release;
		};
/* End XCConfigurationList section */
	};
	rootObject = DC8CEDB826CA9DCB007F77F3 /* Project object */;
}
